// !$*UTF8*$!
{
	archiveVersion = 1;
	classes = {
	};
	objectVersion = 56;
	objects = {

/* Begin PBXBuildFile section */
		FBCEEA812BD3DB9100F5DFDF /* AppDelegate.swift in Sources */ = {isa = PBXBuildFile; fileRef = FBCEEA802BD3DB9100F5DFDF /* AppDelegate.swift */; };
		FBCEEA832BD3DB9100F5DFDF /* SceneDelegate.swift in Sources */ = {isa = PBXBuildFile; fileRef = FBCEEA822BD3DB9100F5DFDF /* SceneDelegate.swift */; };
		FBCEEA852BD3DB9100F5DFDF /* ViewController.swift in Sources */ = {isa = PBXBuildFile; fileRef = FBCEEA842BD3DB9100F5DFDF /* ViewController.swift */; };
		FBCEEA882BD3DB9100F5DFDF /* Base in Resources */ = {isa = PBXBuildFile; fileRef = FBCEEA872BD3DB9100F5DFDF /* Base */; };
		FBCEEA8A2BD3DB9300F5DFDF /* Assets.xcassets in Resources */ = {isa = PBXBuildFile; fileRef = FBCEEA892BD3DB9300F5DFDF /* Assets.xcassets */; };
		FBCEEA8D2BD3DB9300F5DFDF /* Base in Resources */ = {isa = PBXBuildFile; fileRef = FBCEEA8C2BD3DB9300F5DFDF /* Base */; };
/* End PBXBuildFile section */

/* Begin PBXFileReference section */
		FBCEEA7D2BD3DB9100F5DFDF /* practice-ch07.app */ = {isa = PBXFileReference; explicitFileType = wrapper.application; includeInIndex = 0; path = "practice-ch07.app"; sourceTree = BUILT_PRODUCTS_DIR; };
		FBCEEA802BD3DB9100F5DFDF /* AppDelegate.swift */ = {isa = PBXFileReference; lastKnownFileType = sourcecode.swift; path = AppDelegate.swift; sourceTree = "<group>"; };
		FBCEEA822BD3DB9100F5DFDF /* SceneDelegate.swift */ = {isa = PBXFileReference; lastKnownFileType = sourcecode.swift; path = SceneDelegate.swift; sourceTree = "<group>"; };
		FBCEEA842BD3DB9100F5DFDF /* ViewController.swift */ = {isa = PBXFileReference; lastKnownFileType = sourcecode.swift; path = ViewController.swift; sourceTree = "<group>"; };
		FBCEEA872BD3DB9100F5DFDF /* Base */ = {isa = PBXFileReference; lastKnownFileType = file.storyboard; name = Base; path = Base.lproj/Main.storyboard; sourceTree = "<group>"; };
		FBCEEA892BD3DB9300F5DFDF /* Assets.xcassets */ = {isa = PBXFileReference; lastKnownFileType = folder.assetcatalog; path = Assets.xcassets; sourceTree = "<group>"; };
		FBCEEA8C2BD3DB9300F5DFDF /* Base */ = {isa = PBXFileReference; lastKnownFileType = file.storyboard; name = Base; path = Base.lproj/LaunchScreen.storyboard; sourceTree = "<group>"; };
		FBCEEA8E2BD3DB9300F5DFDF /* Info.plist */ = {isa = PBXFileReference; lastKnownFileType = text.plist.xml; path = Info.plist; sourceTree = "<group>"; };
/* End PBXFileReference section */

/* Begin PBXFrameworksBuildPhase section */
		FBCEEA7A2BD3DB9100F5DFDF /* Frameworks */ = {
			isa = PBXFrameworksBuildPhase;
			buildActionMask = 2147483647;
			files = (
			);
			runOnlyForDeploymentPostprocessing = 0;
		};
/* End PBXFrameworksBuildPhase section */

/* Begin PBXGroup section */
		FBCEEA742BD3DB9100F5DFDF = {
			isa = PBXGroup;
			children = (
				FBCEEA7F2BD3DB9100F5DFDF /* practice-ch07 */,
				FBCEEA7E2BD3DB9100F5DFDF /* Products */,
			);
			sourceTree = "<group>";
		};
		FBCEEA7E2BD3DB9100F5DFDF /* Products */ = {
			isa = PBXGroup;
			children = (
				FBCEEA7D2BD3DB9100F5DFDF /* practice-ch07.app */,
			);
			name = Products;
			sourceTree = "<group>";
		};
		FBCEEA7F2BD3DB9100F5DFDF /* practice-ch07 */ = {
			isa = PBXGroup;
			children = (
				FBCEEA802BD3DB9100F5DFDF /* AppDelegate.swift */,
				FBCEEA822BD3DB9100F5DFDF /* SceneDelegate.swift */,
				FBCEEA842BD3DB9100F5DFDF /* ViewController.swift */,
				FBCEEA862BD3DB9100F5DFDF /* Main.storyboard */,
				FBCEEA892BD3DB9300F5DFDF /* Assets.xcassets */,
				FBCEEA8B2BD3DB9300F5DFDF /* LaunchScreen.storyboard */,
				FBCEEA8E2BD3DB9300F5DFDF /* Info.plist */,
			);
			path = "practice-ch07";
			sourceTree = "<group>";
		};
/* End PBXGroup section */

/* Begin PBXNativeTarget section */
		FBCEEA7C2BD3DB9100F5DFDF /* practice-ch07 */ = {
			isa = PBXNativeTarget;
			buildConfigurationList = FBCEEA912BD3DB9300F5DFDF /* Build configuration list for PBXNativeTarget "practice-ch07" */;
			buildPhases = (
				FBCEEA792BD3DB9100F5DFDF /* Sources */,
				FBCEEA7A2BD3DB9100F5DFDF /* Frameworks */,
				FBCEEA7B2BD3DB9100F5DFDF /* Resources */,
			);
			buildRules = (
			);
			dependencies = (
			);
			name = "practice-ch07";
			productName = "practice-ch07";
			productReference = FBCEEA7D2BD3DB9100F5DFDF /* practice-ch07.app */;
			productType = "com.apple.product-type.application";
		};
/* End PBXNativeTarget section */

/* Begin PBXProject section */
		FBCEEA752BD3DB9100F5DFDF /* Project object */ = {
			isa = PBXProject;
			attributes = {
				BuildIndependentTargetsInParallel = 1;
				LastSwiftUpdateCheck = 1530;
				LastUpgradeCheck = 1530;
				TargetAttributes = {
					FBCEEA7C2BD3DB9100F5DFDF = {
						CreatedOnToolsVersion = 15.3;
					};
				};
			};
			buildConfigurationList = FBCEEA782BD3DB9100F5DFDF /* Build configuration list for PBXProject "practice-ch07" */;
			compatibilityVersion = "Xcode 14.0";
			developmentRegion = en;
			hasScannedForEncodings = 0;
			knownRegions = (
				en,
				Base,
			);
			mainGroup = FBCEEA742BD3DB9100F5DFDF;
			productRefGroup = FBCEEA7E2BD3DB9100F5DFDF /* Products */;
			projectDirPath = "";
			projectRoot = "";
			targets = (
				FBCEEA7C2BD3DB9100F5DFDF /* practice-ch07 */,
			);
		};
/* End PBXProject section */

/* Begin PBXResourcesBuildPhase section */
		FBCEEA7B2BD3DB9100F5DFDF /* Resources */ = {
			isa = PBXResourcesBuildPhase;
			buildActionMask = 2147483647;
			files = (
				FBCEEA8A2BD3DB9300F5DFDF /* Assets.xcassets in Resources */,
				FBCEEA8D2BD3DB9300F5DFDF /* Base in Resources */,
				FBCEEA882BD3DB9100F5DFDF /* Base in Resources */,
			);
			runOnlyForDeploymentPostprocessing = 0;
		};
/* End PBXResourcesBuildPhase section */

/* Begin PBXSourcesBuildPhase section */
		FBCEEA792BD3DB9100F5DFDF /* Sources */ = {
			isa = PBXSourcesBuildPhase;
			buildActionMask = 2147483647;
			files = (
				FBCEEA852BD3DB9100F5DFDF /* ViewController.swift in Sources */,
				FBCEEA812BD3DB9100F5DFDF /* AppDelegate.swift in Sources */,
				FBCEEA832BD3DB9100F5DFDF /* SceneDelegate.swift in Sources */,
			);
			runOnlyForDeploymentPostprocessing = 0;
		};
/* End PBXSourcesBuildPhase section */

/* Begin PBXVariantGroup section */
		FBCEEA862BD3DB9100F5DFDF /* Main.storyboard */ = {
			isa = PBXVariantGroup;
			children = (
				FBCEEA872BD3DB9100F5DFDF /* Base */,
			);
			name = Main.storyboard;
			sourceTree = "<group>";
		};
		FBCEEA8B2BD3DB9300F5DFDF /* LaunchScreen.storyboard */ = {
			isa = PBXVariantGroup;
			children = (
				FBCEEA8C2BD3DB9300F5DFDF /* Base */,
			);
			name = LaunchScreen.storyboard;
			sourceTree = "<group>";
		};
/* End PBXVariantGroup section */

/* Begin XCBuildConfiguration section */
		FBCEEA8F2BD3DB9300F5DFDF /* Debug */ = {
			isa = XCBuildConfiguration;
			buildSettings = {
				ALWAYS_SEARCH_USER_PATHS = NO;
				ASSETCATALOG_COMPILER_GENERATE_SWIFT_ASSET_SYMBOL_EXTENSIONS = YES;
				CLANG_ANALYZER_NONNULL = YES;
				CLANG_ANALYZER_NUMBER_OBJECT_CONVERSION = YES_AGGRESSIVE;
				CLANG_CXX_LANGUAGE_STANDARD = "gnu++20";
				CLANG_ENABLE_MODULES = YES;
				CLANG_ENABLE_OBJC_ARC = YES;
				CLANG_ENABLE_OBJC_WEAK = YES;
				CLANG_WARN_BLOCK_CAPTURE_AUTORELEASING = YES;
				CLANG_WARN_BOOL_CONVERSION = YES;
				CLANG_WARN_COMMA = YES;
				CLANG_WARN_CONSTANT_CONVERSION = YES;
				CLANG_WARN_DEPRECATED_OBJC_IMPLEMENTATIONS = YES;
				CLANG_WARN_DIRECT_OBJC_ISA_USAGE = YES_ERROR;
				CLANG_WARN_DOCUMENTATION_COMMENTS = YES;
				CLANG_WARN_EMPTY_BODY = YES;
				CLANG_WARN_ENUM_CONVERSION = YES;
				CLANG_WARN_INFINITE_RECURSION = YES;
				CLANG_WARN_INT_CONVERSION = YES;
				CLANG_WARN_NON_LITERAL_NULL_CONVERSION = YES;
				CLANG_WARN_OBJC_IMPLICIT_RETAIN_SELF = YES;
				CLANG_WARN_OBJC_LITERAL_CONVERSION = YES;
				CLANG_WARN_OBJC_ROOT_CLASS = YES_ERROR;
				CLANG_WARN_QUOTED_INCLUDE_IN_FRAMEWORK_HEADER = YES;
				CLANG_WARN_RANGE_LOOP_ANALYSIS = YES;
				CLANG_WARN_STRICT_PROTOTYPES = YES;
				CLANG_WARN_SUSPICIOUS_MOVE = YES;
				CLANG_WARN_UNGUARDED_AVAILABILITY = YES_AGGRESSIVE;
				CLANG_WARN_UNREACHABLE_CODE = YES;
				CLANG_WARN__DUPLICATE_METHOD_MATCH = YES;
				COPY_PHASE_STRIP = NO;
				DEBUG_INFORMATION_FORMAT = dwarf;
				ENABLE_STRICT_OBJC_MSGSEND = YES;
				ENABLE_TESTABILITY = YES;
				ENABLE_USER_SCRIPT_SANDBOXING = YES;
				GCC_C_LANGUAGE_STANDARD = gnu17;
				GCC_DYNAMIC_NO_PIC = NO;
				GCC_NO_COMMON_BLOCKS = YES;
				GCC_OPTIMIZATION_LEVEL = 0;
				GCC_PREPROCESSOR_DEFINITIONS = (
					"DEBUG=1",
					"$(inherited)",
				);
				GCC_WARN_64_TO_32_BIT_CONVERSION = YES;
				GCC_WARN_ABOUT_RETURN_TYPE = YES_ERROR;
				GCC_WARN_UNDECLARED_SELECTOR = YES;
				GCC_WARN_UNINITIALIZED_AUTOS = YES_AGGRESSIVE;
				GCC_WARN_UNUSED_FUNCTION = YES;
				GCC_WARN_UNUSED_VARIABLE = YES;
				IPHONEOS_DEPLOYMENT_TARGET = 17.4;
				LOCALIZATION_PREFERS_STRING_CATALOGS = YES;
				MTL_ENABLE_DEBUG_INFO = INCLUDE_SOURCE;
				MTL_FAST_MATH = YES;
				ONLY_ACTIVE_ARCH = YES;
				SDKROOT = iphoneos;
				SWIFT_ACTIVE_COMPILATION_CONDITIONS = "DEBUG $(inherited)";
				SWIFT_OPTIMIZATION_LEVEL = "-Onone";
			};
			name = Debug;
		};
		FBCEEA902BD3DB9300F5DFDF /* Release */ = {
			isa = XCBuildConfiguration;
			buildSettings = {
				ALWAYS_SEARCH_USER_PATHS = NO;
				ASSETCATALOG_COMPILER_GENERATE_SWIFT_ASSET_SYMBOL_EXTENSIONS = YES;
				CLANG_ANALYZER_NONNULL = YES;
				CLANG_ANALYZER_NUMBER_OBJECT_CONVERSION = YES_AGGRESSIVE;
				CLANG_CXX_LANGUAGE_STANDARD = "gnu++20";
				CLANG_ENABLE_MODULES = YES;
				CLANG_ENABLE_OBJC_ARC = YES;
				CLANG_ENABLE_OBJC_WEAK = YES;
				CLANG_WARN_BLOCK_CAPTURE_AUTORELEASING = YES;
				CLANG_WARN_BOOL_CONVERSION = YES;
				CLANG_WARN_COMMA = YES;
				CLANG_WARN_CONSTANT_CONVERSION = YES;
				CLANG_WARN_DEPRECATED_OBJC_IMPLEMENTATIONS = YES;
				CLANG_WARN_DIRECT_OBJC_ISA_USAGE = YES_ERROR;
				CLANG_WARN_DOCUMENTATION_COMMENTS = YES;
				CLANG_WARN_EMPTY_BODY = YES;
				CLANG_WARN_ENUM_CONVERSION = YES;
				CLANG_WARN_INFINITE_RECURSION = YES;
				CLANG_WARN_INT_CONVERSION = YES;
				CLANG_WARN_NON_LITERAL_NULL_CONVERSION = YES;
				CLANG_WARN_OBJC_IMPLICIT_RETAIN_SELF = YES;
				CLANG_WARN_OBJC_LITERAL_CONVERSION = YES;
				CLANG_WARN_OBJC_ROOT_CLASS = YES_ERROR;
				CLANG_WARN_QUOTED_INCLUDE_IN_FRAMEWORK_HEADER = YES;
				CLANG_WARN_RANGE_LOOP_ANALYSIS = YES;
				CLANG_WARN_STRICT_PROTOTYPES = YES;
				CLANG_WARN_SUSPICIOUS_MOVE = YES;
				CLANG_WARN_UNGUARDED_AVAILABILITY = YES_AGGRESSIVE;
				CLANG_WARN_UNREACHABLE_CODE = YES;
				CLANG_WARN__DUPLICATE_METHOD_MATCH = YES;
				COPY_PHASE_STRIP = NO;
				DEBUG_INFORMATION_FORMAT = "dwarf-with-dsym";
				ENABLE_NS_ASSERTIONS = NO;
				ENABLE_STRICT_OBJC_MSGSEND = YES;
				ENABLE_USER_SCRIPT_SANDBOXING = YES;
				GCC_C_LANGUAGE_STANDARD = gnu17;
				GCC_NO_COMMON_BLOCKS = YES;
				GCC_WARN_64_TO_32_BIT_CONVERSION = YES;
				GCC_WARN_ABOUT_RETURN_TYPE = YES_ERROR;
				GCC_WARN_UNDECLARED_SELECTOR = YES;
				GCC_WARN_UNINITIALIZED_AUTOS = YES_AGGRESSIVE;
				GCC_WARN_UNUSED_FUNCTION = YES;
				GCC_WARN_UNUSED_VARIABLE = YES;
				IPHONEOS_DEPLOYMENT_TARGET = 17.4;
				LOCALIZATION_PREFERS_STRING_CATALOGS = YES;
				MTL_ENABLE_DEBUG_INFO = NO;
				MTL_FAST_MATH = YES;
				SDKROOT = iphoneos;
				SWIFT_COMPILATION_MODE = wholemodule;
				VALIDATE_PRODUCT = YES;
			};
			name = Release;
		};
		FBCEEA922BD3DB9300F5DFDF /* Debug */ = {
			isa = XCBuildConfiguration;
			buildSettings = {
				ASSETCATALOG_COMPILER_APPICON_NAME = AppIcon;
				ASSETCATALOG_COMPILER_GLOBAL_ACCENT_COLOR_NAME = AccentColor;
				CODE_SIGN_STYLE = Automatic;
				CURRENT_PROJECT_VERSION = 1;
				DEVELOPMENT_TEAM = Y38Z53B4LV;
				GENERATE_INFOPLIST_FILE = YES;
				INFOPLIST_FILE = "practice-ch07/Info.plist";
				INFOPLIST_KEY_UIApplicationSupportsIndirectInputEvents = YES;
				INFOPLIST_KEY_UILaunchStoryboardName = LaunchScreen;
				INFOPLIST_KEY_UIMainStoryboardFile = Main;
				INFOPLIST_KEY_UISupportedInterfaceOrientations_iPad = "UIInterfaceOrientationPortrait UIInterfaceOrientationPortraitUpsideDown UIInterfaceOrientationLandscapeLeft UIInterfaceOrientationLandscapeRight";
				INFOPLIST_KEY_UISupportedInterfaceOrientations_iPhone = "UIInterfaceOrientationPortrait UIInterfaceOrientationLandscapeLeft UIInterfaceOrientationLandscapeRight";
				LD_RUNPATH_SEARCH_PATHS = (
					"$(inherited)",
					"@executable_path/Frameworks",
				);
				MARKETING_VERSION = 1.0;
				PRODUCT_BUNDLE_IDENTIFIER = "Kang-minseo.practice-ch07";
				PRODUCT_NAME = "$(TARGET_NAME)";
				SWIFT_EMIT_LOC_STRINGS = YES;
				SWIFT_VERSION = 5.0;
				TARGETED_DEVICE_FAMILY = "1,2";
			};
			name = Debug;
		};
		FBCEEA932BD3DB9300F5DFDF /* Release */ = {
			isa = XCBuildConfiguration;
			buildSettings = {
				ASSETCATALOG_COMPILER_APPICON_NAME = AppIcon;
				ASSETCATALOG_COMPILER_GLOBAL_ACCENT_COLOR_NAME = AccentColor;
				CODE_SIGN_STYLE = Automatic;
				CURRENT_PROJECT_VERSION = 1;
				DEVELOPMENT_TEAM = Y38Z53B4LV;
				GENERATE_INFOPLIST_FILE = YES;
				INFOPLIST_FILE = "practice-ch07/Info.plist";
				INFOPLIST_KEY_UIApplicationSupportsIndirectInputEvents = YES;
				INFOPLIST_KEY_UILaunchStoryboardName = LaunchScreen;
				INFOPLIST_KEY_UIMainStoryboardFile = Main;
				INFOPLIST_KEY_UISupportedInterfaceOrientations_iPad = "UIInterfaceOrientationPortrait UIInterfaceOrientationPortraitUpsideDown UIInterfaceOrientationLandscapeLeft UIInterfaceOrientationLandscapeRight";
				INFOPLIST_KEY_UISupportedInterfaceOrientations_iPhone = "UIInterfaceOrientationPortrait UIInterfaceOrientationLandscapeLeft UIInterfaceOrientationLandscapeRight";
				LD_RUNPATH_SEARCH_PATHS = (
					"$(inherited)",
					"@executable_path/Frameworks",
				);
				MARKETING_VERSION = 1.0;
				PRODUCT_BUNDLE_IDENTIFIER = "Kang-minseo.practice-ch07";
				PRODUCT_NAME = "$(TARGET_NAME)";
				SWIFT_EMIT_LOC_STRINGS = YES;
				SWIFT_VERSION = 5.0;
				TARGETED_DEVICE_FAMILY = "1,2";
			};
			name = Release;
		};
/* End XCBuildConfiguration section */

/* Begin XCConfigurationList section */
		FBCEEA782BD3DB9100F5DFDF /* Build configuration list for PBXProject "practice-ch07" */ = {
			isa = XCConfigurationList;
			buildConfigurations = (
				FBCEEA8F2BD3DB9300F5DFDF /* Debug */,
				FBCEEA902BD3DB9300F5DFDF /* Release */,
			);
			defaultConfigurationIsVisible = 0;
			defaultConfigurationName = Release;
		};
		FBCEEA912BD3DB9300F5DFDF /* Build configuration list for PBXNativeTarget "practice-ch07" */ = {
			isa = XCConfigurationList;
			buildConfigurations = (
				FBCEEA922BD3DB9300F5DFDF /* Debug */,
				FBCEEA932BD3DB9300F5DFDF /* Release */,
			);
			defaultConfigurationIsVisible = 0;
			defaultConfigurationName = Release;
		};
/* End XCConfigurationList section */
	};
	rootObject = FBCEEA752BD3DB9100F5DFDF /* Project object */;
}
